// !$*UTF8*$!
{
	archiveVersion = 1;
	classes = {
	};
	objectVersion = 50;
	objects = {

/* Begin PBXBuildFile section */
		8C4042D92583088E00376D89 /* TripViewController.swift in Sources */ = {isa = PBXBuildFile; fileRef = 8C4042D82583088E00376D89 /* TripViewController.swift */; };
		8C4042DC258308A900376D89 /* TravelogueEntriesViewController.swift in Sources */ = {isa = PBXBuildFile; fileRef = 8C4042DB258308A900376D89 /* TravelogueEntriesViewController.swift */; };
		8C4042DF258308BE00376D89 /* SingleTravelogueEntryViewController.swift in Sources */ = {isa = PBXBuildFile; fileRef = 8C4042DE258308BE00376D89 /* SingleTravelogueEntryViewController.swift */; };
		8C4042E2258308D700376D89 /* SingleTripViewController.swift in Sources */ = {isa = PBXBuildFile; fileRef = 8C4042E1258308D700376D89 /* SingleTripViewController.swift */; };
		8C4042F925840FEC00376D89 /* Main.storyboard in Resources */ = {isa = PBXBuildFile; fileRef = 8C4042F825840FEC00376D89 /* Main.storyboard */; };
		8C4043012584369B00376D89 /* TravelogueEntry+CoreDataClass.swift in Sources */ = {isa = PBXBuildFile; fileRef = 8C4042FD2584369B00376D89 /* TravelogueEntry+CoreDataClass.swift */; };
		8C4043022584369B00376D89 /* TravelogueEntry+CoreDataProperties.swift in Sources */ = {isa = PBXBuildFile; fileRef = 8C4042FE2584369B00376D89 /* TravelogueEntry+CoreDataProperties.swift */; };
		8C4043032584369B00376D89 /* Trip+CoreDataClass.swift in Sources */ = {isa = PBXBuildFile; fileRef = 8C4042FF2584369B00376D89 /* Trip+CoreDataClass.swift */; };
		8C4043042584369B00376D89 /* Trip+CoreDataProperties.swift in Sources */ = {isa = PBXBuildFile; fileRef = 8C4043002584369B00376D89 /* Trip+CoreDataProperties.swift */; };
		8C9B8A5C257F0AA5008F4CA1 /* AppDelegate.swift in Sources */ = {isa = PBXBuildFile; fileRef = 8C9B8A5B257F0AA5008F4CA1 /* AppDelegate.swift */; };
		8C9B8A5E257F0AA5008F4CA1 /* SceneDelegate.swift in Sources */ = {isa = PBXBuildFile; fileRef = 8C9B8A5D257F0AA5008F4CA1 /* SceneDelegate.swift */; };
		8C9B8A66257F0AA5008F4CA1 /* Travelogue.xcdatamodeld in Sources */ = {isa = PBXBuildFile; fileRef = 8C9B8A64257F0AA5008F4CA1 /* Travelogue.xcdatamodeld */; };
		8C9B8A68257F0AA7008F4CA1 /* Assets.xcassets in Resources */ = {isa = PBXBuildFile; fileRef = 8C9B8A67257F0AA7008F4CA1 /* Assets.xcassets */; };
		8C9B8A6B257F0AA7008F4CA1 /* LaunchScreen.storyboard in Resources */ = {isa = PBXBuildFile; fileRef = 8C9B8A69257F0AA7008F4CA1 /* LaunchScreen.storyboard */; };
/* End PBXBuildFile section */

/* Begin PBXFileReference section */
		8C4042D82583088E00376D89 /* TripViewController.swift */ = {isa = PBXFileReference; lastKnownFileType = sourcecode.swift; path = TripViewController.swift; sourceTree = "<group>"; };
		8C4042DB258308A900376D89 /* TravelogueEntriesViewController.swift */ = {isa = PBXFileReference; lastKnownFileType = sourcecode.swift; path = TravelogueEntriesViewController.swift; sourceTree = "<group>"; };
		8C4042DE258308BE00376D89 /* SingleTravelogueEntryViewController.swift */ = {isa = PBXFileReference; lastKnownFileType = sourcecode.swift; path = SingleTravelogueEntryViewController.swift; sourceTree = "<group>"; };
		8C4042E1258308D700376D89 /* SingleTripViewController.swift */ = {isa = PBXFileReference; lastKnownFileType = sourcecode.swift; path = SingleTripViewController.swift; sourceTree = "<group>"; };
		8C4042F825840FEC00376D89 /* Main.storyboard */ = {isa = PBXFileReference; fileEncoding = 4; lastKnownFileType = file.storyboard; path = Main.storyboard; sourceTree = "<group>"; };
		8C4042FD2584369B00376D89 /* TravelogueEntry+CoreDataClass.swift */ = {isa = PBXFileReference; lastKnownFileType = sourcecode.swift; path = "TravelogueEntry+CoreDataClass.swift"; sourceTree = "<group>"; };
		8C4042FE2584369B00376D89 /* TravelogueEntry+CoreDataProperties.swift */ = {isa = PBXFileReference; lastKnownFileType = sourcecode.swift; path = "TravelogueEntry+CoreDataProperties.swift"; sourceTree = "<group>"; };
		8C4042FF2584369B00376D89 /* Trip+CoreDataClass.swift */ = {isa = PBXFileReference; lastKnownFileType = sourcecode.swift; path = "Trip+CoreDataClass.swift"; sourceTree = "<group>"; };
		8C4043002584369B00376D89 /* Trip+CoreDataProperties.swift */ = {isa = PBXFileReference; lastKnownFileType = sourcecode.swift; path = "Trip+CoreDataProperties.swift"; sourceTree = "<group>"; };
		8C9B8A58257F0AA5008F4CA1 /* Travelogue.app */ = {isa = PBXFileReference; explicitFileType = wrapper.application; includeInIndex = 0; path = Travelogue.app; sourceTree = BUILT_PRODUCTS_DIR; };
		8C9B8A5B257F0AA5008F4CA1 /* AppDelegate.swift */ = {isa = PBXFileReference; lastKnownFileType = sourcecode.swift; path = AppDelegate.swift; sourceTree = "<group>"; };
		8C9B8A5D257F0AA5008F4CA1 /* SceneDelegate.swift */ = {isa = PBXFileReference; lastKnownFileType = sourcecode.swift; path = SceneDelegate.swift; sourceTree = "<group>"; };
		8C9B8A65257F0AA5008F4CA1 /* Travelogue.xcdatamodel */ = {isa = PBXFileReference; lastKnownFileType = wrapper.xcdatamodel; path = Travelogue.xcdatamodel; sourceTree = "<group>"; };
		8C9B8A67257F0AA7008F4CA1 /* Assets.xcassets */ = {isa = PBXFileReference; lastKnownFileType = folder.assetcatalog; path = Assets.xcassets; sourceTree = "<group>"; };
		8C9B8A6A257F0AA7008F4CA1 /* Base */ = {isa = PBXFileReference; lastKnownFileType = file.storyboard; name = Base; path = Base.lproj/LaunchScreen.storyboard; sourceTree = "<group>"; };
		8C9B8A6C257F0AA7008F4CA1 /* Info.plist */ = {isa = PBXFileReference; lastKnownFileType = text.plist.xml; path = Info.plist; sourceTree = "<group>"; };
/* End PBXFileReference section */

/* Begin PBXFrameworksBuildPhase section */
		8C9B8A55257F0AA5008F4CA1 /* Frameworks */ = {
			isa = PBXFrameworksBuildPhase;
			buildActionMask = 2147483647;
			files = (
			);
			runOnlyForDeploymentPostprocessing = 0;
		};
/* End PBXFrameworksBuildPhase section */

/* Begin PBXGroup section */
		8C4042C62582FC4200376D89 /* Model */ = {
			isa = PBXGroup;
			children = (
			);
			path = Model;
			sourceTree = "<group>";
		};
		8C9B8A4F257F0AA5008F4CA1 = {
			isa = PBXGroup;
			children = (
				8C9B8A5A257F0AA5008F4CA1 /* Travelogue */,
				8C9B8A59257F0AA5008F4CA1 /* Products */,
			);
			sourceTree = "<group>";
		};
		8C9B8A59257F0AA5008F4CA1 /* Products */ = {
			isa = PBXGroup;
			children = (
				8C9B8A58257F0AA5008F4CA1 /* Travelogue.app */,
			);
			name = Products;
			sourceTree = "<group>";
		};
		8C9B8A5A257F0AA5008F4CA1 /* Travelogue */ = {
			isa = PBXGroup;
			children = (
				8C4042C62582FC4200376D89 /* Model */,
				8C9B8A5B257F0AA5008F4CA1 /* AppDelegate.swift */,
				8C9B8A5D257F0AA5008F4CA1 /* SceneDelegate.swift */,
				8C4042F825840FEC00376D89 /* Main.storyboard */,
				8C9B8A67257F0AA7008F4CA1 /* Assets.xcassets */,
				8C9B8A69257F0AA7008F4CA1 /* LaunchScreen.storyboard */,
				8C9B8A6C257F0AA7008F4CA1 /* Info.plist */,
				8C9B8A64257F0AA5008F4CA1 /* Travelogue.xcdatamodeld */,
				8C4042D82583088E00376D89 /* TripViewController.swift */,
				8C4042DB258308A900376D89 /* TravelogueEntriesViewController.swift */,
				8C4042DE258308BE00376D89 /* SingleTravelogueEntryViewController.swift */,
				8C4042E1258308D700376D89 /* SingleTripViewController.swift */,
				8C4042FD2584369B00376D89 /* TravelogueEntry+CoreDataClass.swift */,
				8C4042FE2584369B00376D89 /* TravelogueEntry+CoreDataProperties.swift */,
				8C4042FF2584369B00376D89 /* Trip+CoreDataClass.swift */,
				8C4043002584369B00376D89 /* Trip+CoreDataProperties.swift */,
			);
			path = Travelogue;
			sourceTree = "<group>";
		};
/* End PBXGroup section */

/* Begin PBXNativeTarget section */
		8C9B8A57257F0AA5008F4CA1 /* Travelogue */ = {
			isa = PBXNativeTarget;
			buildConfigurationList = 8C9B8A6F257F0AA7008F4CA1 /* Build configuration list for PBXNativeTarget "Travelogue" */;
			buildPhases = (
				8C9B8A54257F0AA5008F4CA1 /* Sources */,
				8C9B8A55257F0AA5008F4CA1 /* Frameworks */,
				8C9B8A56257F0AA5008F4CA1 /* Resources */,
			);
			buildRules = (
			);
			dependencies = (
			);
			name = Travelogue;
			productName = Travelogue;
			productReference = 8C9B8A58257F0AA5008F4CA1 /* Travelogue.app */;
			productType = "com.apple.product-type.application";
		};
/* End PBXNativeTarget section */

/* Begin PBXProject section */
		8C9B8A50257F0AA5008F4CA1 /* Project object */ = {
			isa = PBXProject;
			attributes = {
				LastSwiftUpdateCheck = 1220;
				LastUpgradeCheck = 1220;
				TargetAttributes = {
					8C9B8A57257F0AA5008F4CA1 = {
						CreatedOnToolsVersion = 12.2;
					};
				};
			};
			buildConfigurationList = 8C9B8A53257F0AA5008F4CA1 /* Build configuration list for PBXProject "Travelogue" */;
			compatibilityVersion = "Xcode 9.3";
			developmentRegion = en;
			hasScannedForEncodings = 0;
			knownRegions = (
				en,
				Base,
			);
			mainGroup = 8C9B8A4F257F0AA5008F4CA1;
			productRefGroup = 8C9B8A59257F0AA5008F4CA1 /* Products */;
			projectDirPath = "";
			projectRoot = "";
			targets = (
				8C9B8A57257F0AA5008F4CA1 /* Travelogue */,
			);
		};
/* End PBXProject section */

/* Begin PBXResourcesBuildPhase section */
		8C9B8A56257F0AA5008F4CA1 /* Resources */ = {
			isa = PBXResourcesBuildPhase;
			buildActionMask = 2147483647;
			files = (
				8C4042F925840FEC00376D89 /* Main.storyboard in Resources */,
				8C9B8A6B257F0AA7008F4CA1 /* LaunchScreen.storyboard in Resources */,
				8C9B8A68257F0AA7008F4CA1 /* Assets.xcassets in Resources */,
			);
			runOnlyForDeploymentPostprocessing = 0;
		};
/* End PBXResourcesBuildPhase section */

/* Begin PBXSourcesBuildPhase section */
		8C9B8A54257F0AA5008F4CA1 /* Sources */ = {
			isa = PBXSourcesBuildPhase;
			buildActionMask = 2147483647;
			files = (
				8C4043042584369B00376D89 /* Trip+CoreDataProperties.swift in Sources */,
				8C4042D92583088E00376D89 /* TripViewController.swift in Sources */,
				8C4043022584369B00376D89 /* TravelogueEntry+CoreDataProperties.swift in Sources */,
				8C9B8A66257F0AA5008F4CA1 /* Travelogue.xcdatamodeld in Sources */,
				8C4043012584369B00376D89 /* TravelogueEntry+CoreDataClass.swift in Sources */,
				8C4043032584369B00376D89 /* Trip+CoreDataClass.swift in Sources */,
				8C9B8A5C257F0AA5008F4CA1 /* AppDelegate.swift in Sources */,
				8C4042E2258308D700376D89 /* SingleTripViewController.swift in Sources */,
				8C4042DF258308BE00376D89 /* SingleTravelogueEntryViewController.swift in Sources */,
				8C9B8A5E257F0AA5008F4CA1 /* SceneDelegate.swift in Sources */,
				8C4042DC258308A900376D89 /* TravelogueEntriesViewController.swift in Sources */,
			);
			runOnlyForDeploymentPostprocessing = 0;
		};
/* End PBXSourcesBuildPhase section */

/* Begin PBXVariantGroup section */
		8C9B8A69257F0AA7008F4CA1 /* LaunchScreen.storyboard */ = {
			isa = PBXVariantGroup;
			children = (
				8C9B8A6A257F0AA7008F4CA1 /* Base */,
			);
			name = LaunchScreen.storyboard;
			sourceTree = "<group>";
		};
/* End PBXVariantGroup section */

/* Begin XCBuildConfiguration section */
		8C9B8A6D257F0AA7008F4CA1 /* Debug */ = {
			isa = XCBuildConfiguration;
			buildSettings = {
				ALWAYS_SEARCH_USER_PATHS = NO;
				CLANG_ANALYZER_NONNULL = YES;
				CLANG_ANALYZER_NUMBER_OBJECT_CONVERSION = YES_AGGRESSIVE;
				CLANG_CXX_LANGUAGE_STANDARD = "gnu++14";
				CLANG_CXX_LIBRARY = "libc++";
				CLANG_ENABLE_MODULES = YES;
				CLANG_ENABLE_OBJC_ARC = YES;
				CLANG_ENABLE_OBJC_WEAK = YES;
				CLANG_WARN_BLOCK_CAPTURE_AUTORELEASING = YES;
				CLANG_WARN_BOOL_CONVERSION = YES;
				CLANG_WARN_COMMA = YES;
				CLANG_WARN_CONSTANT_CONVERSION = YES;
				CLANG_WARN_DEPRECATED_OBJC_IMPLEMENTATIONS = YES;
				CLANG_WARN_DIRECT_OBJC_ISA_USAGE = YES_ERROR;
				CLANG_WARN_DOCUMENTATION_COMMENTS = YES;
				CLANG_WARN_EMPTY_BODY = YES;
				CLANG_WARN_ENUM_CONVERSION = YES;
				CLANG_WARN_INFINITE_RECURSION = YES;
				CLANG_WARN_INT_CONVERSION = YES;
				CLANG_WARN_NON_LITERAL_NULL_CONVERSION = YES;
				CLANG_WARN_OBJC_IMPLICIT_RETAIN_SELF = YES;
				CLANG_WARN_OBJC_LITERAL_CONVERSION = YES;
				CLANG_WARN_OBJC_ROOT_CLASS = YES_ERROR;
				CLANG_WARN_QUOTED_INCLUDE_IN_FRAMEWORK_HEADER = YES;
				CLANG_WARN_RANGE_LOOP_ANALYSIS = YES;
				CLANG_WARN_STRICT_PROTOTYPES = YES;
				CLANG_WARN_SUSPICIOUS_MOVE = YES;
				CLANG_WARN_UNGUARDED_AVAILABILITY = YES_AGGRESSIVE;
				CLANG_WARN_UNREACHABLE_CODE = YES;
				CLANG_WARN__DUPLICATE_METHOD_MATCH = YES;
				COPY_PHASE_STRIP = NO;
				DEBUG_INFORMATION_FORMAT = dwarf;
				ENABLE_STRICT_OBJC_MSGSEND = YES;
				ENABLE_TESTABILITY = YES;
				GCC_C_LANGUAGE_STANDARD = gnu11;
				GCC_DYNAMIC_NO_PIC = NO;
				GCC_NO_COMMON_BLOCKS = YES;
				GCC_OPTIMIZATION_LEVEL = 0;
				GCC_PREPROCESSOR_DEFINITIONS = (
					"DEBUG=1",
					"$(inherited)",
				);
				GCC_WARN_64_TO_32_BIT_CONVERSION = YES;
				GCC_WARN_ABOUT_RETURN_TYPE = YES_ERROR;
				GCC_WARN_UNDECLARED_SELECTOR = YES;
				GCC_WARN_UNINITIALIZED_AUTOS = YES_AGGRESSIVE;
				GCC_WARN_UNUSED_FUNCTION = YES;
				GCC_WARN_UNUSED_VARIABLE = YES;
				IPHONEOS_DEPLOYMENT_TARGET = 14.2;
				MTL_ENABLE_DEBUG_INFO = INCLUDE_SOURCE;
				MTL_FAST_MATH = YES;
				ONLY_ACTIVE_ARCH = YES;
				SDKROOT = iphoneos;
				SWIFT_ACTIVE_COMPILATION_CONDITIONS = DEBUG;
				SWIFT_OPTIMIZATION_LEVEL = "-Onone";
			};
			name = Debug;
		};
		8C9B8A6E257F0AA7008F4CA1 /* Release */ = {
			isa = XCBuildConfiguration;
			buildSettings = {
				ALWAYS_SEARCH_USER_PATHS = NO;
				CLANG_ANALYZER_NONNULL = YES;
				CLANG_ANALYZER_NUMBER_OBJECT_CONVERSION = YES_AGGRESSIVE;
				CLANG_CXX_LANGUAGE_STANDARD = "gnu++14";
				CLANG_CXX_LIBRARY = "libc++";
				CLANG_ENABLE_MODULES = YES;
				CLANG_ENABLE_OBJC_ARC = YES;
				CLANG_ENABLE_OBJC_WEAK = YES;
				CLANG_WARN_BLOCK_CAPTURE_AUTORELEASING = YES;
				CLANG_WARN_BOOL_CONVERSION = YES;
				CLANG_WARN_COMMA = YES;
				CLANG_WARN_CONSTANT_CONVERSION = YES;
				CLANG_WARN_DEPRECATED_OBJC_IMPLEMENTATIONS = YES;
				CLANG_WARN_DIRECT_OBJC_ISA_USAGE = YES_ERROR;
				CLANG_WARN_DOCUMENTATION_COMMENTS = YES;
				CLANG_WARN_EMPTY_BODY = YES;
				CLANG_WARN_ENUM_CONVERSION = YES;
				CLANG_WARN_INFINITE_RECURSION = YES;
				CLANG_WARN_INT_CONVERSION = YES;
				CLANG_WARN_NON_LITERAL_NULL_CONVERSION = YES;
				CLANG_WARN_OBJC_IMPLICIT_RETAIN_SELF = YES;
				CLANG_WARN_OBJC_LITERAL_CONVERSION = YES;
				CLANG_WARN_OBJC_ROOT_CLASS = YES_ERROR;
				CLANG_WARN_QUOTED_INCLUDE_IN_FRAMEWORK_HEADER = YES;
				CLANG_WARN_RANGE_LOOP_ANALYSIS = YES;
				CLANG_WARN_STRICT_PROTOTYPES = YES;
				CLANG_WARN_SUSPICIOUS_MOVE = YES;
				CLANG_WARN_UNGUARDED_AVAILABILITY = YES_AGGRESSIVE;
				CLANG_WARN_UNREACHABLE_CODE = YES;
				CLANG_WARN__DUPLICATE_METHOD_MATCH = YES;
				COPY_PHASE_STRIP = NO;
				DEBUG_INFORMATION_FORMAT = "dwarf-with-dsym";
				ENABLE_NS_ASSERTIONS = NO;
				ENABLE_STRICT_OBJC_MSGSEND = YES;
				GCC_C_LANGUAGE_STANDARD = gnu11;
				GCC_NO_COMMON_BLOCKS = YES;
				GCC_WARN_64_TO_32_BIT_CONVERSION = YES;
				GCC_WARN_ABOUT_RETURN_TYPE = YES_ERROR;
				GCC_WARN_UNDECLARED_SELECTOR = YES;
				GCC_WARN_UNINITIALIZED_AUTOS = YES_AGGRESSIVE;
				GCC_WARN_UNUSED_FUNCTION = YES;
				GCC_WARN_UNUSED_VARIABLE = YES;
				IPHONEOS_DEPLOYMENT_TARGET = 14.2;
				MTL_ENABLE_DEBUG_INFO = NO;
				MTL_FAST_MATH = YES;
				SDKROOT = iphoneos;
				SWIFT_COMPILATION_MODE = wholemodule;
				SWIFT_OPTIMIZATION_LEVEL = "-O";
				VALIDATE_PRODUCT = YES;
			};
			name = Release;
		};
		8C9B8A70257F0AA7008F4CA1 /* Debug */ = {
			isa = XCBuildConfiguration;
			buildSettings = {
				ASSETCATALOG_COMPILER_APPICON_NAME = AppIcon;
				ASSETCATALOG_COMPILER_GLOBAL_ACCENT_COLOR_NAME = AccentColor;
				CODE_SIGN_STYLE = Automatic;
				DEVELOPMENT_TEAM = 9JR957CP9R;
				INFOPLIST_FILE = Travelogue/Info.plist;
				LD_RUNPATH_SEARCH_PATHS = (
					"$(inherited)",
					"@executable_path/Frameworks",
				);
				PRODUCT_BUNDLE_IDENTIFIER = com.noahfrew.Travelogue;
				PRODUCT_NAME = "$(TARGET_NAME)";
				SWIFT_VERSION = 5.0;
				TARGETED_DEVICE_FAMILY = "1,2";
			};
			name = Debug;
		};
		8C9B8A71257F0AA7008F4CA1 /* Release */ = {
			isa = XCBuildConfiguration;
			buildSettings = {
				ASSETCATALOG_COMPILER_APPICON_NAME = AppIcon;
				ASSETCATALOG_COMPILER_GLOBAL_ACCENT_COLOR_NAME = AccentColor;
				CODE_SIGN_STYLE = Automatic;
				DEVELOPMENT_TEAM = 9JR957CP9R;
				INFOPLIST_FILE = Travelogue/Info.plist;
				LD_RUNPATH_SEARCH_PATHS = (
					"$(inherited)",
					"@executable_path/Frameworks",
				);
				PRODUCT_BUNDLE_IDENTIFIER = com.noahfrew.Travelogue;
				PRODUCT_NAME = "$(TARGET_NAME)";
				SWIFT_VERSION = 5.0;
				TARGETED_DEVICE_FAMILY = "1,2";
			};
			name = Release;
		};
/* End XCBuildConfiguration section */

/* Begin XCConfigurationList section */
		8C9B8A53257F0AA5008F4CA1 /* Build configuration list for PBXProject "Travelogue" */ = {
			isa = XCConfigurationList;
			buildConfigurations = (
				8C9B8A6D257F0AA7008F4CA1 /* Debug */,
				8C9B8A6E257F0AA7008F4CA1 /* Release */,
			);
			defaultConfigurationIsVisible = 0;
			defaultConfigurationName = Release;
		};
		8C9B8A6F257F0AA7008F4CA1 /* Build configuration list for PBXNativeTarget "Travelogue" */ = {
			isa = XCConfigurationList;
			buildConfigurations = (
				8C9B8A70257F0AA7008F4CA1 /* Debug */,
				8C9B8A71257F0AA7008F4CA1 /* Release */,
			);
			defaultConfigurationIsVisible = 0;
			defaultConfigurationName = Release;
		};
/* End XCConfigurationList section */

/* Begin XCVersionGroup section */
		8C9B8A64257F0AA5008F4CA1 /* Travelogue.xcdatamodeld */ = {
			isa = XCVersionGroup;
			children = (
				8C9B8A65257F0AA5008F4CA1 /* Travelogue.xcdatamodel */,
			);
			currentVersion = 8C9B8A65257F0AA5008F4CA1 /* Travelogue.xcdatamodel */;
			path = Travelogue.xcdatamodeld;
			sourceTree = "<group>";
			versionGroupType = wrapper.xcdatamodel;
		};
/* End XCVersionGroup section */
	};
	rootObject = 8C9B8A50257F0AA5008F4CA1 /* Project object */;
}
